
Microsoft Visual Studio Solution File, Format Version 12.00
# Visual Studio Version 17
VisualStudioVersion = 17.14.36121.58
MinimumVisualStudioVersion = 10.0.40219.1
Project("{FAE04EC0-301F-11D3-BF4B-00C04F79EFBC}") = "msAlertaMongoDB", "msAlertaMongoDB\msAlertaMongoDB.csproj", "{78BC3E4B-B1BB-478E-A015-D7865233ACE9}"
EndProject
Project("{E53339B2-1760-4266-BCC7-CA923CBCF16C}") = "docker-compose", "docker-compose.dcproj", "{81DDED9D-158B-E303-5F62-77A2896D2A5A}"
EndProject
Project("{FAE04EC0-301F-11D3-BF4B-00C04F79EFBC}") = "AlertaMongoDBTest", "AlertaMongoDBTest\AlertaMongoDBTest.csproj", "{21524468-7FD9-41FD-BEC5-31C6AF8655D4}"
EndProject
Project("{2150E333-8FDC-42A3-9474-1A3956D46DE8}") = "Itens da Solução", "Itens da Solução", "{02EA681E-C7D8-13C7-8484-4AC65E1B71E8}"
	ProjectSection(SolutionItems) = preProject
		script.bat = script.bat
	EndProjectSection
EndProject
Project("{FAE04EC0-301F-11D3-BF4B-00C04F79EFBC}") = "AlertaTestReqnroll", "AlertaTestReqnroll\AlertaTestReqnroll.csproj", "{5FF192BD-423D-4BDA-A51B-E2DD6A08B26E}"
EndProject
Global
	GlobalSection(SolutionConfigurationPlatforms) = preSolution
		Debug|Any CPU = Debug|Any CPU
		Release|Any CPU = Release|Any CPU
	EndGlobalSection
	GlobalSection(ProjectConfigurationPlatforms) = postSolution
		{78BC3E4B-B1BB-478E-A015-D7865233ACE9}.Debug|Any CPU.ActiveCfg = Debug|Any CPU
		{78BC3E4B-B1BB-478E-A015-D7865233ACE9}.Debug|Any CPU.Build.0 = Debug|Any CPU
		{78BC3E4B-B1BB-478E-A015-D7865233ACE9}.Release|Any CPU.ActiveCfg = Release|Any CPU
		{78BC3E4B-B1BB-478E-A015-D7865233ACE9}.Release|Any CPU.Build.0 = Release|Any CPU
		{81DDED9D-158B-E303-5F62-77A2896D2A5A}.Debug|Any CPU.ActiveCfg = Debug|Any CPU
		{81DDED9D-158B-E303-5F62-77A2896D2A5A}.Debug|Any CPU.Build.0 = Debug|Any CPU
		{81DDED9D-158B-E303-5F62-77A2896D2A5A}.Release|Any CPU.ActiveCfg = Release|Any CPU
		{81DDED9D-158B-E303-5F62-77A2896D2A5A}.Release|Any CPU.Build.0 = Release|Any CPU
		{21524468-7FD9-41FD-BEC5-31C6AF8655D4}.Debug|Any CPU.ActiveCfg = Debug|Any CPU
		{21524468-7FD9-41FD-BEC5-31C6AF8655D4}.Debug|Any CPU.Build.0 = Debug|Any CPU
		{21524468-7FD9-41FD-BEC5-31C6AF8655D4}.Release|Any CPU.ActiveCfg = Release|Any CPU
		{21524468-7FD9-41FD-BEC5-31C6AF8655D4}.Release|Any CPU.Build.0 = Release|Any CPU
		{5FF192BD-423D-4BDA-A51B-E2DD6A08B26E}.Debug|Any CPU.ActiveCfg = Debug|Any CPU
		{5FF192BD-423D-4BDA-A51B-E2DD6A08B26E}.Debug|Any CPU.Build.0 = Debug|Any CPU
		{5FF192BD-423D-4BDA-A51B-E2DD6A08B26E}.Release|Any CPU.ActiveCfg = Release|Any CPU
		{5FF192BD-423D-4BDA-A51B-E2DD6A08B26E}.Release|Any CPU.Build.0 = Release|Any CPU
	EndGlobalSection
	GlobalSection(SolutionProperties) = preSolution
		HideSolutionNode = FALSE
	EndGlobalSection
	GlobalSection(ExtensibilityGlobals) = postSolution
		SolutionGuid = {E9F5AB01-D99C-4219-952F-3CE77B8EF91C}
	EndGlobalSection
EndGlobal
